PODS:
  - Armchair (0.3.7)
  - Hue (5.0.0)
  - PINCache (3.0.4):
    - PINCache/Arc-exception-safe (= 3.0.4)
    - PINCache/Core (= 3.0.4)
  - PINCache/Arc-exception-safe (3.0.4):
    - PINCache/Core
  - PINCache/Core (3.0.4):
    - PINOperation (~> 1.2.3)
  - PINOperation (1.2.3)
  - PINRemoteImage/Core (3.0.4):
    - PINOperation
  - PINRemoteImage/iOS (3.0.4):
    - PINRemoteImage/Core
  - PINRemoteImage/PINCache (3.0.4):
    - PINCache (~> 3.0.4)
    - PINRemoteImage/Core
  - R.swift (5.4.0):
    - R.swift.Library (~> 5.3.0)
  - R.swift.Library (5.3.0)
  - Shimmer (1.0.2)
  - SimulatorStatusMagic (2.6)
  - SwiftAudio (0.11.2)
  - Texture (3.2.0):
    - Texture/AssetsLibrary (= 3.2.0)
    - Texture/Core (= 3.2.0)
    - Texture/MapKit (= 3.2.0)
    - Texture/Photos (= 3.2.0)
    - Texture/PINRemoteImage (= 3.2.0)
    - Texture/Video (= 3.2.0)
  - Texture/AssetsLibrary (3.2.0):
    - Texture/Core
  - Texture/Core (3.2.0)
  - Texture/MapKit (3.2.0):
    - Texture/Core
  - Texture/Photos (3.2.0):
    - Texture/Core
  - Texture/PINRemoteImage (3.2.0):
    - PINRemoteImage/iOS (~> 3.0.0)
    - PINRemoteImage/PINCache
    - Texture/Core
  - Texture/Video (3.2.0):
    - Texture/Core
  - Wormholy (1.6.5)

DEPENDENCIES:
  - Armchair
  - Hue
  - R.swift
  - Shimmer
  - SimulatorStatusMagic
  - SwiftAudio
  - Texture (from `https://github.com/TextureGroup/Texture.git`, branch `master`)
  - Wormholy

SPEC REPOS:
  trunk:
    - Armchair
    - Hue
    - PINCache
    - PINOperation
    - PINRemoteImage
    - R.swift
    - R.swift.Library
    - Shimmer
    - SimulatorStatusMagic
    - SwiftAudio
    - Wormholy

EXTERNAL SOURCES:
  Texture:
    :branch: master
    :git: https://github.com/TextureGroup/Texture.git

CHECKOUT OPTIONS:
  Texture:
    :commit: f8d91810fb2bb0e96f8b498b6d75e8b413282202
    :git: https://github.com/TextureGroup/Texture.git

SPEC CHECKSUMS:
  Armchair: ea2da13f78515da627bd63d9540bd58a50e71562
  Hue: c129cb67be7d093a82bbbc30ce8a96757bf6f37a
  PINCache: d9a87a0ff397acffe9e2f0db972ac14680441158
  PINOperation: fb563bcc9c32c26d6c78aaff967d405aa2ee74a7
  PINRemoteImage: 6256a644f4996991f124811763c7286b2a63ff94
  R.swift: c533450b0f7dc494e0993f5f1a1db925d84c3006
  R.swift.Library: 0fc583cb55a99e28901299cc451614cad1161962
  Shimmer: c5374be1c2b0c9e292fb05b339a513cf291cac86
  SimulatorStatusMagic: 9f5294c12ca99c6cadb243a60362a66000df540c
  SwiftAudio: 217f5f184b27a0e25ff0fe7647021f05a21c06c9
  Texture: 26fbaae98c5f479dce12924de11531ae2587e2e8
  Wormholy: 3252bc3e55a1847ef9a0976c1377bd77bf3635fa

PODFILE CHECKSUM: c27046f75ef133a0a39cb487c7e104778dfff8dd

COCOAPODS: 1.15.2
