PODS:
  - PINCache (3.0.3):
    - PINCache/Arc-exception-safe (= 3.0.3)
    - PINCache/Core (= 3.0.3)
  - PINCache/Arc-exception-safe (3.0.3):
    - PINCache/Core
  - PINCache/Core (3.0.3):
    - PINOperation (~> 1.2.1)
  - PINOperation (1.2.2)
  - PINRemoteImage/Core (3.0.3):
    - PINOperation
  - PINRemoteImage/iOS (3.0.3):
    - PINRemoteImage/Core
  - PINRemoteImage/PINCache (3.0.3):
    - PINCache (~> 3.0.3)
    - PINRemoteImage/Core
  - SimulatorStatusMagic (2.6)
  - Texture (3.1.0):
    - Texture/AssetsLibrary (= 3.1.0)
    - Texture/Core (= 3.1.0)
    - Texture/MapKit (= 3.1.0)
    - Texture/Photos (= 3.1.0)
    - Texture/PINRemoteImage (= 3.1.0)
    - Texture/Video (= 3.1.0)
  - Texture/AssetsLibrary (3.1.0):
    - Texture/Core
  - Texture/Core (3.1.0)
  - Texture/MapKit (3.1.0):
    - Texture/Core
  - Texture/Photos (3.1.0):
    - Texture/Core
  - Texture/PINRemoteImage (3.1.0):
    - PINRemoteImage/iOS (~> 3.0.0)
    - PINRemoteImage/PINCache
    - Texture/Core
  - Texture/Video (3.1.0):
    - Texture/Core
  - Wormholy (1.6.5)

DEPENDENCIES:
  - SimulatorStatusMagic
  - Texture (from `https://github.com/TextureGroup/Texture.git`, branch `master`)
  - Wormholy

SPEC REPOS:
  trunk:
    - PINCache
    - PINOperation
    - PINRemoteImage
    - SimulatorStatusMagic
    - Wormholy

EXTERNAL SOURCES:
  Texture:
    :branch: master
    :git: https://github.com/TextureGroup/Texture.git

CHECKOUT OPTIONS:
  Texture:
    :commit: 923901a1cebf0b6c51627aca2a6748dee84af143
    :git: https://github.com/TextureGroup/Texture.git

SPEC CHECKSUMS:
  PINCache: 7a8fc1a691173d21dbddbf86cd515de6efa55086
  PINOperation: daa34d4aa1d8449089be7d405b9d974abc4724c6
  PINRemoteImage: f1295b29f8c5e640e25335a1b2bd9d805171bd01
  SimulatorStatusMagic: 9f5294c12ca99c6cadb243a60362a66000df540c
  Texture: 2e8ab2519452515f7f5a520f5a8f7e0a413abfa3
  Wormholy: 3252bc3e55a1847ef9a0976c1377bd77bf3635fa

PODFILE CHECKSUM: 996b73681aedf56751615d38218f2ba3a3f5019e

COCOAPODS: 1.15.2
