// !$*UTF8*$!
{
	archiveVersion = 1;
	classes = {
	};
	objectVersion = 46;
	objects = {

/* Begin PBXBuildFile section */
		1A407E901C80FB3E00BD2272 /* AppDelegate.swift in Sources */ = {isa = PBXBuildFile; fileRef = 1A407E8F1C80FB3E00BD2272 /* AppDelegate.swift */; };
		1A407EA51C80FB3F00BD2272 /* SabbathSchoolTests.swift in Sources */ = {isa = PBXBuildFile; fileRef = 1A407EA41C80FB3F00BD2272 /* SabbathSchoolTests.swift */; };
		1A407EB51C8277E100BD2272 /* Color.swift in Sources */ = {isa = PBXBuildFile; fileRef = 1A407EB41C8277E100BD2272 /* Color.swift */; };
		1A407EB71C82780D00BD2272 /* Image.swift in Sources */ = {isa = PBXBuildFile; fileRef = 1A407EB61C82780D00BD2272 /* Image.swift */; };
		1A407EC91C827C7500BD2272 /* Navigation.swift in Sources */ = {isa = PBXBuildFile; fileRef = 1A407EC81C827C7500BD2272 /* Navigation.swift */; };
		1A407ECC1C8281C600BD2272 /* QuarterTableViewCell.swift in Sources */ = {isa = PBXBuildFile; fileRef = 1A407ECB1C8281C600BD2272 /* QuarterTableViewCell.swift */; };
		1A96F4D21C8E2F8E0034AF2C /* R.generated.swift in Sources */ = {isa = PBXBuildFile; fileRef = 1A96F4D11C8E2F8D0034AF2C /* R.generated.swift */; };
		1A96F4D71C8F3DC40034AF2C /* LessonsTableViewController.swift in Sources */ = {isa = PBXBuildFile; fileRef = 1A96F4D51C8F3DC40034AF2C /* LessonsTableViewController.swift */; };
		1A96F4D81C8F3DC40034AF2C /* QuarterTableViewController.swift in Sources */ = {isa = PBXBuildFile; fileRef = 1A96F4D61C8F3DC40034AF2C /* QuarterTableViewController.swift */; };
		1A96F4E71C8F3E3D0034AF2C /* Assets.xcassets in Resources */ = {isa = PBXBuildFile; fileRef = 1A96F4DA1C8F3E3D0034AF2C /* Assets.xcassets */; };
		1A96F4E81C8F3E3D0034AF2C /* LaunchScreen.storyboard in Resources */ = {isa = PBXBuildFile; fileRef = 1A96F4DB1C8F3E3D0034AF2C /* LaunchScreen.storyboard */; };
		1A96F4E91C8F3E3D0034AF2C /* Main.storyboard in Resources */ = {isa = PBXBuildFile; fileRef = 1A96F4DD1C8F3E3D0034AF2C /* Main.storyboard */; };
		1A96F4EA1C8F3E3D0034AF2C /* Lato-Bold.ttf in Resources */ = {isa = PBXBuildFile; fileRef = 1A96F4E11C8F3E3D0034AF2C /* Lato-Bold.ttf */; };
		1A96F4EB1C8F3E3D0034AF2C /* Lato-BoldItalic.ttf in Resources */ = {isa = PBXBuildFile; fileRef = 1A96F4E21C8F3E3D0034AF2C /* Lato-BoldItalic.ttf */; };
		1A96F4EC1C8F3E3D0034AF2C /* Lato-Italic.ttf in Resources */ = {isa = PBXBuildFile; fileRef = 1A96F4E31C8F3E3D0034AF2C /* Lato-Italic.ttf */; };
		1A96F4ED1C8F3E3D0034AF2C /* Lato-Medium.ttf in Resources */ = {isa = PBXBuildFile; fileRef = 1A96F4E41C8F3E3D0034AF2C /* Lato-Medium.ttf */; };
		1A96F4EE1C8F3E3D0034AF2C /* Lato-MediumItalic.ttf in Resources */ = {isa = PBXBuildFile; fileRef = 1A96F4E51C8F3E3D0034AF2C /* Lato-MediumItalic.ttf */; };
		1A96F4EF1C8F3E3D0034AF2C /* Lato-Regular.ttf in Resources */ = {isa = PBXBuildFile; fileRef = 1A96F4E61C8F3E3D0034AF2C /* Lato-Regular.ttf */; };
		1A96F4F31C8F3E9C0034AF2C /* StretchyHeader.swift in Sources */ = {isa = PBXBuildFile; fileRef = 1A96F4F11C8F3E9C0034AF2C /* StretchyHeader.swift */; };
		1A96F4F41C8F3E9C0034AF2C /* StretchyTableViewController.swift in Sources */ = {isa = PBXBuildFile; fileRef = 1A96F4F21C8F3E9C0034AF2C /* StretchyTableViewController.swift */; };
		1AB0A13B1C98DFB300EBFA37 /* LessonTableViewCell.swift in Sources */ = {isa = PBXBuildFile; fileRef = 1AB0A13A1C98DFB300EBFA37 /* LessonTableViewCell.swift */; };
		F629798371D98823D87AB39D /* Pods_SabbathSchool.framework in Frameworks */ = {isa = PBXBuildFile; fileRef = DC3A20F0D099002EC87A1390 /* Pods_SabbathSchool.framework */; };
/* End PBXBuildFile section */

/* Begin PBXContainerItemProxy section */
		1A407EA11C80FB3F00BD2272 /* PBXContainerItemProxy */ = {
			isa = PBXContainerItemProxy;
			containerPortal = 1A407E841C80FB3E00BD2272 /* Project object */;
			proxyType = 1;
			remoteGlobalIDString = 1A407E8B1C80FB3E00BD2272;
			remoteInfo = SabbathSchool;
		};
/* End PBXContainerItemProxy section */

/* Begin PBXFileReference section */
		1A407E8C1C80FB3E00BD2272 /* SabbathSchool.app */ = {isa = PBXFileReference; explicitFileType = wrapper.application; includeInIndex = 0; path = SabbathSchool.app; sourceTree = BUILT_PRODUCTS_DIR; };
		1A407E8F1C80FB3E00BD2272 /* AppDelegate.swift */ = {isa = PBXFileReference; lastKnownFileType = sourcecode.swift; path = AppDelegate.swift; sourceTree = "<group>"; };
		1A407E9B1C80FB3E00BD2272 /* Info.plist */ = {isa = PBXFileReference; lastKnownFileType = text.plist.xml; path = Info.plist; sourceTree = "<group>"; };
		1A407EA01C80FB3E00BD2272 /* SabbathSchoolTests.xctest */ = {isa = PBXFileReference; explicitFileType = wrapper.cfbundle; includeInIndex = 0; path = SabbathSchoolTests.xctest; sourceTree = BUILT_PRODUCTS_DIR; };
		1A407EA41C80FB3F00BD2272 /* SabbathSchoolTests.swift */ = {isa = PBXFileReference; lastKnownFileType = sourcecode.swift; path = SabbathSchoolTests.swift; sourceTree = "<group>"; };
		1A407EA61C80FB3F00BD2272 /* Info.plist */ = {isa = PBXFileReference; lastKnownFileType = text.plist.xml; path = Info.plist; sourceTree = "<group>"; };
		1A407EB41C8277E100BD2272 /* Color.swift */ = {isa = PBXFileReference; fileEncoding = 4; lastKnownFileType = sourcecode.swift; path = Color.swift; sourceTree = "<group>"; };
		1A407EB61C82780D00BD2272 /* Image.swift */ = {isa = PBXFileReference; fileEncoding = 4; lastKnownFileType = sourcecode.swift; path = Image.swift; sourceTree = "<group>"; };
		1A407EC81C827C7500BD2272 /* Navigation.swift */ = {isa = PBXFileReference; fileEncoding = 4; lastKnownFileType = sourcecode.swift; path = Navigation.swift; sourceTree = "<group>"; };
		1A407ECB1C8281C600BD2272 /* QuarterTableViewCell.swift */ = {isa = PBXFileReference; fileEncoding = 4; lastKnownFileType = sourcecode.swift; path = QuarterTableViewCell.swift; sourceTree = "<group>"; };
		1A96F4D11C8E2F8D0034AF2C /* R.generated.swift */ = {isa = PBXFileReference; fileEncoding = 4; lastKnownFileType = sourcecode.swift; path = R.generated.swift; sourceTree = SOURCE_ROOT; };
		1A96F4D51C8F3DC40034AF2C /* LessonsTableViewController.swift */ = {isa = PBXFileReference; fileEncoding = 4; lastKnownFileType = sourcecode.swift; path = LessonsTableViewController.swift; sourceTree = "<group>"; };
		1A96F4D61C8F3DC40034AF2C /* QuarterTableViewController.swift */ = {isa = PBXFileReference; fileEncoding = 4; lastKnownFileType = sourcecode.swift; path = QuarterTableViewController.swift; sourceTree = "<group>"; };
		1A96F4DA1C8F3E3D0034AF2C /* Assets.xcassets */ = {isa = PBXFileReference; lastKnownFileType = folder.assetcatalog; path = Assets.xcassets; sourceTree = "<group>"; };
		1A96F4DC1C8F3E3D0034AF2C /* Base */ = {isa = PBXFileReference; lastKnownFileType = file.storyboard; name = Base; path = Base.lproj/LaunchScreen.storyboard; sourceTree = "<group>"; };
		1A96F4DE1C8F3E3D0034AF2C /* Base */ = {isa = PBXFileReference; lastKnownFileType = file.storyboard; name = Base; path = Base.lproj/Main.storyboard; sourceTree = "<group>"; };
		1A96F4E11C8F3E3D0034AF2C /* Lato-Bold.ttf */ = {isa = PBXFileReference; lastKnownFileType = file; path = "Lato-Bold.ttf"; sourceTree = "<group>"; };
		1A96F4E21C8F3E3D0034AF2C /* Lato-BoldItalic.ttf */ = {isa = PBXFileReference; lastKnownFileType = file; path = "Lato-BoldItalic.ttf"; sourceTree = "<group>"; };
		1A96F4E31C8F3E3D0034AF2C /* Lato-Italic.ttf */ = {isa = PBXFileReference; lastKnownFileType = file; path = "Lato-Italic.ttf"; sourceTree = "<group>"; };
		1A96F4E41C8F3E3D0034AF2C /* Lato-Medium.ttf */ = {isa = PBXFileReference; lastKnownFileType = file; path = "Lato-Medium.ttf"; sourceTree = "<group>"; };
		1A96F4E51C8F3E3D0034AF2C /* Lato-MediumItalic.ttf */ = {isa = PBXFileReference; lastKnownFileType = file; path = "Lato-MediumItalic.ttf"; sourceTree = "<group>"; };
		1A96F4E61C8F3E3D0034AF2C /* Lato-Regular.ttf */ = {isa = PBXFileReference; lastKnownFileType = file; path = "Lato-Regular.ttf"; sourceTree = "<group>"; };
		1A96F4F11C8F3E9C0034AF2C /* StretchyHeader.swift */ = {isa = PBXFileReference; fileEncoding = 4; lastKnownFileType = sourcecode.swift; path = StretchyHeader.swift; sourceTree = "<group>"; };
		1A96F4F21C8F3E9C0034AF2C /* StretchyTableViewController.swift */ = {isa = PBXFileReference; fileEncoding = 4; lastKnownFileType = sourcecode.swift; path = StretchyTableViewController.swift; sourceTree = "<group>"; };
		1AB0A13A1C98DFB300EBFA37 /* LessonTableViewCell.swift */ = {isa = PBXFileReference; fileEncoding = 4; lastKnownFileType = sourcecode.swift; path = LessonTableViewCell.swift; sourceTree = "<group>"; };
		27EA38CA868383203E1580BB /* Pods-SabbathSchool.release.xcconfig */ = {isa = PBXFileReference; includeInIndex = 1; lastKnownFileType = text.xcconfig; name = "Pods-SabbathSchool.release.xcconfig"; path = "Pods/Target Support Files/Pods-SabbathSchool/Pods-SabbathSchool.release.xcconfig"; sourceTree = "<group>"; };
		6DE7B167C46BE88BC4F70504 /* Pods-SabbathSchool.debug.xcconfig */ = {isa = PBXFileReference; includeInIndex = 1; lastKnownFileType = text.xcconfig; name = "Pods-SabbathSchool.debug.xcconfig"; path = "Pods/Target Support Files/Pods-SabbathSchool/Pods-SabbathSchool.debug.xcconfig"; sourceTree = "<group>"; };
		AB7E275B2AE9EC9448CBF70E /* Pods.framework */ = {isa = PBXFileReference; explicitFileType = wrapper.framework; includeInIndex = 0; path = Pods.framework; sourceTree = BUILT_PRODUCTS_DIR; };
		DC3A20F0D099002EC87A1390 /* Pods_SabbathSchool.framework */ = {isa = PBXFileReference; explicitFileType = wrapper.framework; includeInIndex = 0; path = Pods_SabbathSchool.framework; sourceTree = BUILT_PRODUCTS_DIR; };
/* End PBXFileReference section */

/* Begin PBXFrameworksBuildPhase section */
		1A407E891C80FB3E00BD2272 /* Frameworks */ = {
			isa = PBXFrameworksBuildPhase;
			buildActionMask = 2147483647;
			files = (
				F629798371D98823D87AB39D /* Pods_SabbathSchool.framework in Frameworks */,
			);
			runOnlyForDeploymentPostprocessing = 0;
		};
		1A407E9D1C80FB3E00BD2272 /* Frameworks */ = {
			isa = PBXFrameworksBuildPhase;
			buildActionMask = 2147483647;
			files = (
			);
			runOnlyForDeploymentPostprocessing = 0;
		};
/* End PBXFrameworksBuildPhase section */

/* Begin PBXGroup section */
		1A407E831C80FB3E00BD2272 = {
			isa = PBXGroup;
			children = (
				1A407E8E1C80FB3E00BD2272 /* SabbathSchool */,
				1A407EA31C80FB3F00BD2272 /* SabbathSchoolTests */,
				1A407E8D1C80FB3E00BD2272 /* Products */,
				39B8FE0B90D685FB4D5F9E3C /* Frameworks */,
				36562A15A3487F8716088DA4 /* Pods */,
			);
			sourceTree = "<group>";
		};
		1A407E8D1C80FB3E00BD2272 /* Products */ = {
			isa = PBXGroup;
			children = (
				1A407E8C1C80FB3E00BD2272 /* SabbathSchool.app */,
				1A407EA01C80FB3E00BD2272 /* SabbathSchoolTests.xctest */,
			);
			name = Products;
			sourceTree = "<group>";
		};
		1A407E8E1C80FB3E00BD2272 /* SabbathSchool */ = {
			isa = PBXGroup;
			children = (
				1A96F4D31C8F3D770034AF2C /* Application */,
				1A96F4F51C8F3EF80034AF2C /* Models */,
				1A407ECA1C8281A000BD2272 /* Views */,
				1A96F4D41C8F3DC40034AF2C /* Controllers */,
				1A407EB31C8277D200BD2272 /* Extensions */,
				1A96F4F01C8F3E9C0034AF2C /* Library */,
				1A96F4D91C8F3E3D0034AF2C /* Resources */,
			);
			path = SabbathSchool;
			sourceTree = "<group>";
		};
		1A407EA31C80FB3F00BD2272 /* SabbathSchoolTests */ = {
			isa = PBXGroup;
			children = (
				1A407EA41C80FB3F00BD2272 /* SabbathSchoolTests.swift */,
				1A407EA61C80FB3F00BD2272 /* Info.plist */,
			);
			path = SabbathSchoolTests;
			sourceTree = "<group>";
		};
		1A407EB31C8277D200BD2272 /* Extensions */ = {
			isa = PBXGroup;
			children = (
				1A407EB41C8277E100BD2272 /* Color.swift */,
				1A407EB61C82780D00BD2272 /* Image.swift */,
				1A407EC81C827C7500BD2272 /* Navigation.swift */,
			);
			path = Extensions;
			sourceTree = "<group>";
		};
		1A407ECA1C8281A000BD2272 /* Views */ = {
			isa = PBXGroup;
			children = (
				1A407ECB1C8281C600BD2272 /* QuarterTableViewCell.swift */,
				1AB0A13A1C98DFB300EBFA37 /* LessonTableViewCell.swift */,
			);
			path = Views;
			sourceTree = "<group>";
		};
		1A96F4D31C8F3D770034AF2C /* Application */ = {
			isa = PBXGroup;
			children = (
				1A407E8F1C80FB3E00BD2272 /* AppDelegate.swift */,
				1A96F4D11C8E2F8D0034AF2C /* R.generated.swift */,
				1A407E9B1C80FB3E00BD2272 /* Info.plist */,
			);
			name = Application;
			sourceTree = "<group>";
		};
		1A96F4D41C8F3DC40034AF2C /* Controllers */ = {
			isa = PBXGroup;
			children = (
				1A96F4D61C8F3DC40034AF2C /* QuarterTableViewController.swift */,
				1A96F4D51C8F3DC40034AF2C /* LessonsTableViewController.swift */,
			);
			path = Controllers;
			sourceTree = "<group>";
		};
		1A96F4D91C8F3E3D0034AF2C /* Resources */ = {
			isa = PBXGroup;
			children = (
				1A96F4DD1C8F3E3D0034AF2C /* Main.storyboard */,
				1A96F4DB1C8F3E3D0034AF2C /* LaunchScreen.storyboard */,
				1A96F4DA1C8F3E3D0034AF2C /* Assets.xcassets */,
				1A96F4DF1C8F3E3D0034AF2C /* Fonts */,
			);
			path = Resources;
			sourceTree = "<group>";
		};
		1A96F4DF1C8F3E3D0034AF2C /* Fonts */ = {
			isa = PBXGroup;
			children = (
				1A96F4E01C8F3E3D0034AF2C /* Lato */,
			);
			path = Fonts;
			sourceTree = "<group>";
		};
		1A96F4E01C8F3E3D0034AF2C /* Lato */ = {
			isa = PBXGroup;
			children = (
				1A96F4E11C8F3E3D0034AF2C /* Lato-Bold.ttf */,
				1A96F4E21C8F3E3D0034AF2C /* Lato-BoldItalic.ttf */,
				1A96F4E31C8F3E3D0034AF2C /* Lato-Italic.ttf */,
				1A96F4E41C8F3E3D0034AF2C /* Lato-Medium.ttf */,
				1A96F4E51C8F3E3D0034AF2C /* Lato-MediumItalic.ttf */,
				1A96F4E61C8F3E3D0034AF2C /* Lato-Regular.ttf */,
			);
			path = Lato;
			sourceTree = "<group>";
		};
		1A96F4F01C8F3E9C0034AF2C /* Library */ = {
			isa = PBXGroup;
			children = (
				1A96F4F11C8F3E9C0034AF2C /* StretchyHeader.swift */,
				1A96F4F21C8F3E9C0034AF2C /* StretchyTableViewController.swift */,
			);
			name = Library;
			path = SabbathSchool/Library;
			sourceTree = SOURCE_ROOT;
		};
		1A96F4F51C8F3EF80034AF2C /* Models */ = {
			isa = PBXGroup;
			children = (
			);
			path = Models;
			sourceTree = "<group>";
		};
		36562A15A3487F8716088DA4 /* Pods */ = {
			isa = PBXGroup;
			children = (
				6DE7B167C46BE88BC4F70504 /* Pods-SabbathSchool.debug.xcconfig */,
				27EA38CA868383203E1580BB /* Pods-SabbathSchool.release.xcconfig */,
			);
			name = Pods;
			sourceTree = "<group>";
		};
		39B8FE0B90D685FB4D5F9E3C /* Frameworks */ = {
			isa = PBXGroup;
			children = (
				AB7E275B2AE9EC9448CBF70E /* Pods.framework */,
				DC3A20F0D099002EC87A1390 /* Pods_SabbathSchool.framework */,
			);
			name = Frameworks;
			sourceTree = "<group>";
		};
/* End PBXGroup section */

/* Begin PBXNativeTarget section */
		1A407E8B1C80FB3E00BD2272 /* SabbathSchool */ = {
			isa = PBXNativeTarget;
			buildConfigurationList = 1A407EA91C80FB3F00BD2272 /* Build configuration list for PBXNativeTarget "SabbathSchool" */;
			buildPhases = (
				47BB1AA372ACADDA78CA4F30 /* [CP] Check Pods Manifest.lock */,
				1A96F4D01C8E2E400034AF2C /* ShellScript */,
				1A407E881C80FB3E00BD2272 /* Sources */,
				1A407E891C80FB3E00BD2272 /* Frameworks */,
				1A407E8A1C80FB3E00BD2272 /* Resources */,
				AD1870BC173B33F235177180 /* [CP] Embed Pods Frameworks */,
				39E666D70C565C21A9CE34D3 /* [CP] Copy Pods Resources */,
			);
			buildRules = (
			);
			dependencies = (
			);
			name = SabbathSchool;
			productName = SabbathSchool;
			productReference = 1A407E8C1C80FB3E00BD2272 /* SabbathSchool.app */;
			productType = "com.apple.product-type.application";
		};
		1A407E9F1C80FB3E00BD2272 /* SabbathSchoolTests */ = {
			isa = PBXNativeTarget;
			buildConfigurationList = 1A407EAC1C80FB3F00BD2272 /* Build configuration list for PBXNativeTarget "SabbathSchoolTests" */;
			buildPhases = (
				1A407E9C1C80FB3E00BD2272 /* Sources */,
				1A407E9D1C80FB3E00BD2272 /* Frameworks */,
				1A407E9E1C80FB3E00BD2272 /* Resources */,
			);
			buildRules = (
			);
			dependencies = (
				1A407EA21C80FB3F00BD2272 /* PBXTargetDependency */,
			);
			name = SabbathSchoolTests;
			productName = SabbathSchoolTests;
			productReference = 1A407EA01C80FB3E00BD2272 /* SabbathSchoolTests.xctest */;
			productType = "com.apple.product-type.bundle.unit-test";
		};
/* End PBXNativeTarget section */

/* Begin PBXProject section */
		1A407E841C80FB3E00BD2272 /* Project object */ = {
			isa = PBXProject;
			attributes = {
				LastSwiftUpdateCheck = 0720;
				LastUpgradeCheck = 0800;
				ORGANIZATIONNAME = Adventech;
				TargetAttributes = {
					1A407E8B1C80FB3E00BD2272 = {
						CreatedOnToolsVersion = 7.2;
						DevelopmentTeam = XVGX5G4YQ9;
						LastSwiftMigration = 0800;
					};
					1A407E9F1C80FB3E00BD2272 = {
						CreatedOnToolsVersion = 7.2;
						LastSwiftMigration = 0800;
						TestTargetID = 1A407E8B1C80FB3E00BD2272;
					};
				};
			};
			buildConfigurationList = 1A407E871C80FB3E00BD2272 /* Build configuration list for PBXProject "SabbathSchool" */;
			compatibilityVersion = "Xcode 3.2";
			developmentRegion = English;
			hasScannedForEncodings = 0;
			knownRegions = (
				en,
				Base,
			);
			mainGroup = 1A407E831C80FB3E00BD2272;
			productRefGroup = 1A407E8D1C80FB3E00BD2272 /* Products */;
			projectDirPath = "";
			projectRoot = "";
			targets = (
				1A407E8B1C80FB3E00BD2272 /* SabbathSchool */,
				1A407E9F1C80FB3E00BD2272 /* SabbathSchoolTests */,
			);
		};
/* End PBXProject section */

/* Begin PBXResourcesBuildPhase section */
		1A407E8A1C80FB3E00BD2272 /* Resources */ = {
			isa = PBXResourcesBuildPhase;
			buildActionMask = 2147483647;
			files = (
				1A96F4ED1C8F3E3D0034AF2C /* Lato-Medium.ttf in Resources */,
				1A96F4EA1C8F3E3D0034AF2C /* Lato-Bold.ttf in Resources */,
				1A96F4E81C8F3E3D0034AF2C /* LaunchScreen.storyboard in Resources */,
				1A96F4EB1C8F3E3D0034AF2C /* Lato-BoldItalic.ttf in Resources */,
				1A96F4EF1C8F3E3D0034AF2C /* Lato-Regular.ttf in Resources */,
				1A96F4E71C8F3E3D0034AF2C /* Assets.xcassets in Resources */,
				1A96F4E91C8F3E3D0034AF2C /* Main.storyboard in Resources */,
				1A96F4EE1C8F3E3D0034AF2C /* Lato-MediumItalic.ttf in Resources */,
				1A96F4EC1C8F3E3D0034AF2C /* Lato-Italic.ttf in Resources */,
			);
			runOnlyForDeploymentPostprocessing = 0;
		};
		1A407E9E1C80FB3E00BD2272 /* Resources */ = {
			isa = PBXResourcesBuildPhase;
			buildActionMask = 2147483647;
			files = (
			);
			runOnlyForDeploymentPostprocessing = 0;
		};
/* End PBXResourcesBuildPhase section */

/* Begin PBXShellScriptBuildPhase section */
		1A96F4D01C8E2E400034AF2C /* ShellScript */ = {
			isa = PBXShellScriptBuildPhase;
			buildActionMask = 2147483647;
			files = (
			);
			inputPaths = (
			);
			outputPaths = (
			);
			runOnlyForDeploymentPostprocessing = 0;
			shellPath = /bin/sh;
			shellScript = "\"$PODS_ROOT/R.swift/rswift\" \"$SRCROOT\"";
		};
		39E666D70C565C21A9CE34D3 /* [CP] Copy Pods Resources */ = {
			isa = PBXShellScriptBuildPhase;
			buildActionMask = 2147483647;
			files = (
			);
			inputPaths = (
			);
			name = "[CP] Copy Pods Resources";
			outputPaths = (
			);
			runOnlyForDeploymentPostprocessing = 0;
			shellPath = /bin/sh;
			shellScript = "\"${SRCROOT}/Pods/Target Support Files/Pods-SabbathSchool/Pods-SabbathSchool-resources.sh\"\n";
			showEnvVarsInLog = 0;
		};
		47BB1AA372ACADDA78CA4F30 /* [CP] Check Pods Manifest.lock */ = {
			isa = PBXShellScriptBuildPhase;
			buildActionMask = 2147483647;
			files = (
			);
			inputPaths = (
			);
			name = "[CP] Check Pods Manifest.lock";
			outputPaths = (
			);
			runOnlyForDeploymentPostprocessing = 0;
			shellPath = /bin/sh;
			shellScript = "diff \"${PODS_ROOT}/../Podfile.lock\" \"${PODS_ROOT}/Manifest.lock\" > /dev/null\nif [ $? != 0 ] ; then\n    # print error to STDERR\n    echo \"error: The sandbox is not in sync with the Podfile.lock. Run 'pod install' or update your CocoaPods installation.\" >&2\n    exit 1\nfi\n";
			showEnvVarsInLog = 0;
		};
		AD1870BC173B33F235177180 /* [CP] Embed Pods Frameworks */ = {
			isa = PBXShellScriptBuildPhase;
			buildActionMask = 2147483647;
			files = (
			);
			inputPaths = (
			);
			name = "[CP] Embed Pods Frameworks";
			outputPaths = (
			);
			runOnlyForDeploymentPostprocessing = 0;
			shellPath = /bin/sh;
			shellScript = "\"${SRCROOT}/Pods/Target Support Files/Pods-SabbathSchool/Pods-SabbathSchool-frameworks.sh\"\n";
			showEnvVarsInLog = 0;
		};
/* End PBXShellScriptBuildPhase section */

/* Begin PBXSourcesBuildPhase section */
		1A407E881C80FB3E00BD2272 /* Sources */ = {
			isa = PBXSourcesBuildPhase;
			buildActionMask = 2147483647;
			files = (
				1A96F4D71C8F3DC40034AF2C /* LessonsTableViewController.swift in Sources */,
				1A407EB51C8277E100BD2272 /* Color.swift in Sources */,
				1A96F4D81C8F3DC40034AF2C /* QuarterTableViewController.swift in Sources */,
				1A96F4F41C8F3E9C0034AF2C /* StretchyTableViewController.swift in Sources */,
				1A407EC91C827C7500BD2272 /* Navigation.swift in Sources */,
				1A407ECC1C8281C600BD2272 /* QuarterTableViewCell.swift in Sources */,
				1A407E901C80FB3E00BD2272 /* AppDelegate.swift in Sources */,
				1AB0A13B1C98DFB300EBFA37 /* LessonTableViewCell.swift in Sources */,
				1A407EB71C82780D00BD2272 /* Image.swift in Sources */,
				1A96F4D21C8E2F8E0034AF2C /* R.generated.swift in Sources */,
				1A96F4F31C8F3E9C0034AF2C /* StretchyHeader.swift in Sources */,
			);
			runOnlyForDeploymentPostprocessing = 0;
		};
		1A407E9C1C80FB3E00BD2272 /* Sources */ = {
			isa = PBXSourcesBuildPhase;
			buildActionMask = 2147483647;
			files = (
				1A407EA51C80FB3F00BD2272 /* SabbathSchoolTests.swift in Sources */,
			);
			runOnlyForDeploymentPostprocessing = 0;
		};
/* End PBXSourcesBuildPhase section */

/* Begin PBXTargetDependency section */
		1A407EA21C80FB3F00BD2272 /* PBXTargetDependency */ = {
			isa = PBXTargetDependency;
			target = 1A407E8B1C80FB3E00BD2272 /* SabbathSchool */;
			targetProxy = 1A407EA11C80FB3F00BD2272 /* PBXContainerItemProxy */;
		};
/* End PBXTargetDependency section */

/* Begin PBXVariantGroup section */
		1A96F4DB1C8F3E3D0034AF2C /* LaunchScreen.storyboard */ = {
			isa = PBXVariantGroup;
			children = (
				1A96F4DC1C8F3E3D0034AF2C /* Base */,
			);
			name = LaunchScreen.storyboard;
			sourceTree = "<group>";
		};
		1A96F4DD1C8F3E3D0034AF2C /* Main.storyboard */ = {
			isa = PBXVariantGroup;
			children = (
				1A96F4DE1C8F3E3D0034AF2C /* Base */,
			);
			name = Main.storyboard;
			sourceTree = "<group>";
		};
/* End PBXVariantGroup section */

/* Begin XCBuildConfiguration section */
		1A407EA71C80FB3F00BD2272 /* Debug */ = {
			isa = XCBuildConfiguration;
			buildSettings = {
				ALWAYS_SEARCH_USER_PATHS = NO;
				CLANG_CXX_LANGUAGE_STANDARD = "gnu++0x";
				CLANG_CXX_LIBRARY = "libc++";
				CLANG_ENABLE_MODULES = YES;
				CLANG_ENABLE_OBJC_ARC = YES;
				CLANG_WARN_BOOL_CONVERSION = YES;
				CLANG_WARN_CONSTANT_CONVERSION = YES;
				CLANG_WARN_DIRECT_OBJC_ISA_USAGE = YES_ERROR;
				CLANG_WARN_EMPTY_BODY = YES;
				CLANG_WARN_ENUM_CONVERSION = YES;
				CLANG_WARN_INFINITE_RECURSION = YES;
				CLANG_WARN_INT_CONVERSION = YES;
				CLANG_WARN_OBJC_ROOT_CLASS = YES_ERROR;
				CLANG_WARN_SUSPICIOUS_MOVE = YES;
				CLANG_WARN_UNREACHABLE_CODE = YES;
				CLANG_WARN__DUPLICATE_METHOD_MATCH = YES;
				"CODE_SIGN_IDENTITY[sdk=iphoneos*]" = "iPhone Developer";
				COPY_PHASE_STRIP = NO;
				DEBUG_INFORMATION_FORMAT = dwarf;
				ENABLE_STRICT_OBJC_MSGSEND = YES;
				ENABLE_TESTABILITY = YES;
				GCC_C_LANGUAGE_STANDARD = gnu99;
				GCC_DYNAMIC_NO_PIC = NO;
				GCC_NO_COMMON_BLOCKS = YES;
				GCC_OPTIMIZATION_LEVEL = 0;
				GCC_PREPROCESSOR_DEFINITIONS = (
					"DEBUG=1",
					"$(inherited)",
				);
				GCC_WARN_64_TO_32_BIT_CONVERSION = YES;
				GCC_WARN_ABOUT_RETURN_TYPE = YES_ERROR;
				GCC_WARN_UNDECLARED_SELECTOR = YES;
				GCC_WARN_UNINITIALIZED_AUTOS = YES_AGGRESSIVE;
				GCC_WARN_UNUSED_FUNCTION = YES;
				GCC_WARN_UNUSED_VARIABLE = YES;
				IPHONEOS_DEPLOYMENT_TARGET = 9.2;
				MTL_ENABLE_DEBUG_INFO = YES;
				ONLY_ACTIVE_ARCH = YES;
				SDKROOT = iphoneos;
				SWIFT_OPTIMIZATION_LEVEL = "-Onone";
				TARGETED_DEVICE_FAMILY = "1,2";
			};
			name = Debug;
		};
		1A407EA81C80FB3F00BD2272 /* Release */ = {
			isa = XCBuildConfiguration;
			buildSettings = {
				ALWAYS_SEARCH_USER_PATHS = NO;
				CLANG_CXX_LANGUAGE_STANDARD = "gnu++0x";
				CLANG_CXX_LIBRARY = "libc++";
				CLANG_ENABLE_MODULES = YES;
				CLANG_ENABLE_OBJC_ARC = YES;
				CLANG_WARN_BOOL_CONVERSION = YES;
				CLANG_WARN_CONSTANT_CONVERSION = YES;
				CLANG_WARN_DIRECT_OBJC_ISA_USAGE = YES_ERROR;
				CLANG_WARN_EMPTY_BODY = YES;
				CLANG_WARN_ENUM_CONVERSION = YES;
				CLANG_WARN_INFINITE_RECURSION = YES;
				CLANG_WARN_INT_CONVERSION = YES;
				CLANG_WARN_OBJC_ROOT_CLASS = YES_ERROR;
				CLANG_WARN_SUSPICIOUS_MOVE = YES;
				CLANG_WARN_UNREACHABLE_CODE = YES;
				CLANG_WARN__DUPLICATE_METHOD_MATCH = YES;
				"CODE_SIGN_IDENTITY[sdk=iphoneos*]" = "iPhone Developer";
				COPY_PHASE_STRIP = NO;
				DEBUG_INFORMATION_FORMAT = "dwarf-with-dsym";
				ENABLE_NS_ASSERTIONS = NO;
				ENABLE_STRICT_OBJC_MSGSEND = YES;
				GCC_C_LANGUAGE_STANDARD = gnu99;
				GCC_NO_COMMON_BLOCKS = YES;
				GCC_WARN_64_TO_32_BIT_CONVERSION = YES;
				GCC_WARN_ABOUT_RETURN_TYPE = YES_ERROR;
				GCC_WARN_UNDECLARED_SELECTOR = YES;
				GCC_WARN_UNINITIALIZED_AUTOS = YES_AGGRESSIVE;
				GCC_WARN_UNUSED_FUNCTION = YES;
				GCC_WARN_UNUSED_VARIABLE = YES;
				IPHONEOS_DEPLOYMENT_TARGET = 9.2;
				MTL_ENABLE_DEBUG_INFO = NO;
				SDKROOT = iphoneos;
				SWIFT_OPTIMIZATION_LEVEL = "-Owholemodule";
				TARGETED_DEVICE_FAMILY = "1,2";
				VALIDATE_PRODUCT = YES;
			};
			name = Release;
		};
		1A407EAA1C80FB3F00BD2272 /* Debug */ = {
			isa = XCBuildConfiguration;
			baseConfigurationReference = 6DE7B167C46BE88BC4F70504 /* Pods-SabbathSchool.debug.xcconfig */;
			buildSettings = {
				ALWAYS_EMBED_SWIFT_STANDARD_LIBRARIES = "$(inherited)";
				ASSETCATALOG_COMPILER_APPICON_NAME = AppIcon;
				CODE_SIGN_IDENTITY = "iPhone Developer";
				DEVELOPMENT_TEAM = XVGX5G4YQ9;
				INFOPLIST_FILE = SabbathSchool/Info.plist;
				LD_RUNPATH_SEARCH_PATHS = "$(inherited) @executable_path/Frameworks";
				PRODUCT_BUNDLE_IDENTIFIER = com.cryart.SabbathSchool;
				PRODUCT_NAME = "$(TARGET_NAME)";
				SWIFT_VERSION = 3.0;
			};
			name = Debug;
		};
		1A407EAB1C80FB3F00BD2272 /* Release */ = {
			isa = XCBuildConfiguration;
			baseConfigurationReference = 27EA38CA868383203E1580BB /* Pods-SabbathSchool.release.xcconfig */;
			buildSettings = {
				ALWAYS_EMBED_SWIFT_STANDARD_LIBRARIES = "$(inherited)";
				ASSETCATALOG_COMPILER_APPICON_NAME = AppIcon;
				CODE_SIGN_IDENTITY = "iPhone Developer";
				DEVELOPMENT_TEAM = XVGX5G4YQ9;
				INFOPLIST_FILE = SabbathSchool/Info.plist;
				LD_RUNPATH_SEARCH_PATHS = "$(inherited) @executable_path/Frameworks";
				PRODUCT_BUNDLE_IDENTIFIER = com.cryart.SabbathSchool;
				PRODUCT_NAME = "$(TARGET_NAME)";
				SWIFT_VERSION = 3.0;
			};
			name = Release;
		};
		1A407EAD1C80FB3F00BD2272 /* Debug */ = {
			isa = XCBuildConfiguration;
			buildSettings = {
				BUNDLE_LOADER = "$(TEST_HOST)";
				INFOPLIST_FILE = SabbathSchoolTests/Info.plist;
				LD_RUNPATH_SEARCH_PATHS = "$(inherited) @executable_path/Frameworks @loader_path/Frameworks";
				PRODUCT_BUNDLE_IDENTIFIER = com.cryart.SabbathSchoolTests;
				PRODUCT_NAME = "$(TARGET_NAME)";
				SWIFT_VERSION = 3.0;
				TEST_HOST = "$(BUILT_PRODUCTS_DIR)/SabbathSchool.app/SabbathSchool";
			};
			name = Debug;
		};
		1A407EAE1C80FB3F00BD2272 /* Release */ = {
			isa = XCBuildConfiguration;
			buildSettings = {
				BUNDLE_LOADER = "$(TEST_HOST)";
				INFOPLIST_FILE = SabbathSchoolTests/Info.plist;
				LD_RUNPATH_SEARCH_PATHS = "$(inherited) @executable_path/Frameworks @loader_path/Frameworks";
				PRODUCT_BUNDLE_IDENTIFIER = com.cryart.SabbathSchoolTests;
				PRODUCT_NAME = "$(TARGET_NAME)";
				SWIFT_VERSION = 3.0;
				TEST_HOST = "$(BUILT_PRODUCTS_DIR)/SabbathSchool.app/SabbathSchool";
			};
			name = Release;
		};
/* End XCBuildConfiguration section */

/* Begin XCConfigurationList section */
		1A407E871C80FB3E00BD2272 /* Build configuration list for PBXProject "SabbathSchool" */ = {
			isa = XCConfigurationList;
			buildConfigurations = (
				1A407EA71C80FB3F00BD2272 /* Debug */,
				1A407EA81C80FB3F00BD2272 /* Release */,
			);
			defaultConfigurationIsVisible = 0;
			defaultConfigurationName = Release;
		};
		1A407EA91C80FB3F00BD2272 /* Build configuration list for PBXNativeTarget "SabbathSchool" */ = {
			isa = XCConfigurationList;
			buildConfigurations = (
				1A407EAA1C80FB3F00BD2272 /* Debug */,
				1A407EAB1C80FB3F00BD2272 /* Release */,
			);
			defaultConfigurationIsVisible = 0;
			defaultConfigurationName = Release;
		};
		1A407EAC1C80FB3F00BD2272 /* Build configuration list for PBXNativeTarget "SabbathSchoolTests" */ = {
			isa = XCConfigurationList;
			buildConfigurations = (
				1A407EAD1C80FB3F00BD2272 /* Debug */,
				1A407EAE1C80FB3F00BD2272 /* Release */,
			);
			defaultConfigurationIsVisible = 0;
			defaultConfigurationName = Release;
		};
/* End XCConfigurationList section */
	};
	rootObject = 1A407E841C80FB3E00BD2272 /* Project object */;
}
